
Microsoft Visual Studio Solution File, Format Version 12.00
# Visual Studio Version 17
VisualStudioVersion = 17.0.31903.59
MinimumVisualStudioVersion = 10.0.40219.1
Project("{FAE04EC0-301F-11D3-BF4B-00C04F79EFBC}") = "API", "API\API.csproj", "{807098D0-E5D2-400C-BF7A-26EEADB3D637}"
EndProject
Project("{FAE04EC0-301F-11D3-BF4B-00C04F79EFBC}") = "Core", "Core\Core.csproj", "{C6004806-129B-4D61-9326-5BC08F1EFF60}"
EndProject
Project("{FAE04EC0-301F-11D3-BF4B-00C04F79EFBC}") = "Infrastructure", "Infrastructure\Infrastructure.csproj", "{51961460-7901-419B-864E-48E2B9CC0991}"
EndProject
Global
	GlobalSection(SolutionConfigurationPlatforms) = preSolution
		Debug|Any CPU = Debug|Any CPU
		Release|Any CPU = Release|Any CPU
	EndGlobalSection
	GlobalSection(SolutionProperties) = preSolution
		HideSolutionNode = FALSE
	EndGlobalSection
	GlobalSection(ProjectConfigurationPlatforms) = postSolution
		{807098D0-E5D2-400C-BF7A-26EEADB3D637}.Debug|Any CPU.ActiveCfg = Debug|Any CPU
		{807098D0-E5D2-400C-BF7A-26EEADB3D637}.Debug|Any CPU.Build.0 = Debug|Any CPU
		{807098D0-E5D2-400C-BF7A-26EEADB3D637}.Release|Any CPU.ActiveCfg = Release|Any CPU
		{807098D0-E5D2-400C-BF7A-26EEADB3D637}.Release|Any CPU.Build.0 = Release|Any CPU
		{C6004806-129B-4D61-9326-5BC08F1EFF60}.Debug|Any CPU.ActiveCfg = Debug|Any CPU
		{C6004806-129B-4D61-9326-5BC08F1EFF60}.Debug|Any CPU.Build.0 = Debug|Any CPU
		{C6004806-129B-4D61-9326-5BC08F1EFF60}.Release|Any CPU.ActiveCfg = Release|Any CPU
		{C6004806-129B-4D61-9326-5BC08F1EFF60}.Release|Any CPU.Build.0 = Release|Any CPU
		{51961460-7901-419B-864E-48E2B9CC0991}.Debug|Any CPU.ActiveCfg = Debug|Any CPU
		{51961460-7901-419B-864E-48E2B9CC0991}.Debug|Any CPU.Build.0 = Debug|Any CPU
		{51961460-7901-419B-864E-48E2B9CC0991}.Release|Any CPU.ActiveCfg = Release|Any CPU
		{51961460-7901-419B-864E-48E2B9CC0991}.Release|Any CPU.Build.0 = Release|Any CPU
	EndGlobalSection
EndGlobal
